
Microsoft Visual Studio Solution File, Format Version 12.00
# Visual Studio 2012
Project("{FAE04EC0-301F-11D3-BF4B-00C04F79EFBC}") = "ScrapingSpider", "src\ScrapingSpider\ScrapingSpider.csproj", "{947A6286-6AAB-4AEE-9AF0-D4474EAF1876}"
EndProject
Project("{2150E333-8FDC-42A3-9474-1A3956D46DE8}") = ".nuget", ".nuget", "{59AB22D8-0DF8-408E-8CEC-CCE6F5E9FCB2}"
	ProjectSection(SolutionItems) = preProject
		.nuget\NuGet.Config = .nuget\NuGet.Config
		.nuget\NuGet.exe = .nuget\NuGet.exe
		.nuget\NuGet.targets = .nuget\NuGet.targets
	EndProjectSection
EndProject
Project("{2150E333-8FDC-42A3-9474-1A3956D46DE8}") = "Solution Items", "Solution Items", "{6FFA1371-32FB-4449-A1F0-1261140ABBF2}"
	ProjectSection(SolutionItems) = preProject
		README.md = README.md
	EndProjectSection
EndProject
Project("{FAE04EC0-301F-11D3-BF4B-00C04F79EFBC}") = "ScrapingSpider.Core", "src\ScrapingSpider.Core\ScrapingSpider.Core.csproj", "{636E94A7-2F32-47DF-B358-7F9E1EA8BA0D}"
EndProject
Global
	GlobalSection(SolutionConfigurationPlatforms) = preSolution
		Debug|Any CPU = Debug|Any CPU
		Debug|Mixed Platforms = Debug|Mixed Platforms
		Debug|x86 = Debug|x86
		Release|Any CPU = Release|Any CPU
		Release|Mixed Platforms = Release|Mixed Platforms
		Release|x86 = Release|x86
	EndGlobalSection
	GlobalSection(ProjectConfigurationPlatforms) = postSolution
		{947A6286-6AAB-4AEE-9AF0-D4474EAF1876}.Debug|Any CPU.ActiveCfg = Debug|x86
		{947A6286-6AAB-4AEE-9AF0-D4474EAF1876}.Debug|Mixed Platforms.ActiveCfg = Debug|x86
		{947A6286-6AAB-4AEE-9AF0-D4474EAF1876}.Debug|Mixed Platforms.Build.0 = Debug|x86
		{947A6286-6AAB-4AEE-9AF0-D4474EAF1876}.Debug|x86.ActiveCfg = Debug|x86
		{947A6286-6AAB-4AEE-9AF0-D4474EAF1876}.Debug|x86.Build.0 = Debug|x86
		{947A6286-6AAB-4AEE-9AF0-D4474EAF1876}.Release|Any CPU.ActiveCfg = Release|x86
		{947A6286-6AAB-4AEE-9AF0-D4474EAF1876}.Release|Mixed Platforms.ActiveCfg = Release|x86
		{947A6286-6AAB-4AEE-9AF0-D4474EAF1876}.Release|Mixed Platforms.Build.0 = Release|x86
		{947A6286-6AAB-4AEE-9AF0-D4474EAF1876}.Release|x86.ActiveCfg = Release|x86
		{947A6286-6AAB-4AEE-9AF0-D4474EAF1876}.Release|x86.Build.0 = Release|x86
		{636E94A7-2F32-47DF-B358-7F9E1EA8BA0D}.Debug|Any CPU.ActiveCfg = Debug|Any CPU
		{636E94A7-2F32-47DF-B358-7F9E1EA8BA0D}.Debug|Any CPU.Build.0 = Debug|Any CPU
		{636E94A7-2F32-47DF-B358-7F9E1EA8BA0D}.Debug|Mixed Platforms.ActiveCfg = Debug|Any CPU
		{636E94A7-2F32-47DF-B358-7F9E1EA8BA0D}.Debug|Mixed Platforms.Build.0 = Debug|Any CPU
		{636E94A7-2F32-47DF-B358-7F9E1EA8BA0D}.Debug|x86.ActiveCfg = Debug|Any CPU
		{636E94A7-2F32-47DF-B358-7F9E1EA8BA0D}.Release|Any CPU.ActiveCfg = Release|Any CPU
		{636E94A7-2F32-47DF-B358-7F9E1EA8BA0D}.Release|Any CPU.Build.0 = Release|Any CPU
		{636E94A7-2F32-47DF-B358-7F9E1EA8BA0D}.Release|Mixed Platforms.ActiveCfg = Release|Any CPU
		{636E94A7-2F32-47DF-B358-7F9E1EA8BA0D}.Release|Mixed Platforms.Build.0 = Release|Any CPU
		{636E94A7-2F32-47DF-B358-7F9E1EA8BA0D}.Release|x86.ActiveCfg = Release|Any CPU
	EndGlobalSection
	GlobalSection(SolutionProperties) = preSolution
		HideSolutionNode = FALSE
	EndGlobalSection
EndGlobal
